
Microsoft Visual Studio Solution File, Format Version 12.00
# Visual Studio Version 17
VisualStudioVersion = 17.4.33110.190
MinimumVisualStudioVersion = 10.0.40219.1
Project("{FAE04EC0-301F-11D3-BF4B-00C04F79EFBC}") = "eRestoran", "eRestoran.csproj", "{9E040C23-ED9D-45E5-9B41-4894F57C505B}"
EndProject
Project("{FAE04EC0-301F-11D3-BF4B-00C04F79EFBC}") = "eRestoran.Model", "..\eRestoran.Model\eRestoran.Model.csproj", "{C0C8EB16-4421-40D6-9D36-D78467731A74}"
EndProject
Project("{FAE04EC0-301F-11D3-BF4B-00C04F79EFBC}") = "eRestoran.Services", "..\eRestoran.Services\eRestoran.Services.csproj", "{35D32FAD-4090-4A5B-8E84-9B04628BB050}"
EndProject
Global
	GlobalSection(SolutionConfigurationPlatforms) = preSolution
		Debug|Any CPU = Debug|Any CPU
		Release|Any CPU = Release|Any CPU
	EndGlobalSection
	GlobalSection(ProjectConfigurationPlatforms) = postSolution
		{9E040C23-ED9D-45E5-9B41-4894F57C505B}.Debug|Any CPU.ActiveCfg = Debug|Any CPU
		{9E040C23-ED9D-45E5-9B41-4894F57C505B}.Debug|Any CPU.Build.0 = Debug|Any CPU
		{9E040C23-ED9D-45E5-9B41-4894F57C505B}.Release|Any CPU.ActiveCfg = Release|Any CPU
		{9E040C23-ED9D-45E5-9B41-4894F57C505B}.Release|Any CPU.Build.0 = Release|Any CPU
		{C0C8EB16-4421-40D6-9D36-D78467731A74}.Debug|Any CPU.ActiveCfg = Debug|Any CPU
		{C0C8EB16-4421-40D6-9D36-D78467731A74}.Debug|Any CPU.Build.0 = Debug|Any CPU
		{C0C8EB16-4421-40D6-9D36-D78467731A74}.Release|Any CPU.ActiveCfg = Release|Any CPU
		{C0C8EB16-4421-40D6-9D36-D78467731A74}.Release|Any CPU.Build.0 = Release|Any CPU
		{35D32FAD-4090-4A5B-8E84-9B04628BB050}.Debug|Any CPU.ActiveCfg = Debug|Any CPU
		{35D32FAD-4090-4A5B-8E84-9B04628BB050}.Debug|Any CPU.Build.0 = Debug|Any CPU
		{35D32FAD-4090-4A5B-8E84-9B04628BB050}.Release|Any CPU.ActiveCfg = Release|Any CPU
		{35D32FAD-4090-4A5B-8E84-9B04628BB050}.Release|Any CPU.Build.0 = Release|Any CPU
	EndGlobalSection
	GlobalSection(SolutionProperties) = preSolution
		HideSolutionNode = FALSE
	EndGlobalSection
	GlobalSection(ExtensibilityGlobals) = postSolution
		SolutionGuid = {C6CD32D8-E488-4541-80C5-14B866E61FE5}
	EndGlobalSection
EndGlobal
